PODS:
  - MBProgressHUD (1.0.0)
  - Toast (3.1.0)

DEPENDENCIES:
  - MBProgressHUD
  - Toast

SPEC REPOS:
  https://github.com/cocoapods/specs.git:
    - MBProgressHUD
    - Toast

SPEC CHECKSUMS:
  MBProgressHUD: 4890f671c94e8a0f3cf959aa731e9de2f036d71a
  Toast: 14a93686d6c8bfe2727afd342414e35660a8a1f3

PODFILE CHECKSUM: a0a2548c5f5b5612b89250f2739cddc5230d4d4e

COCOAPODS: 1.5.3
